
Microsoft Visual Studio Solution File, Format Version 12.00
# Visual Studio Version 16
VisualStudioVersion = 16.0.30204.135
MinimumVisualStudioVersion = 10.0.40219.1
Project("{FAE04EC0-301F-11D3-BF4B-00C04F79EFBC}") = "ConsoleApps", "ConsoleApps.csproj", "{E0C3EB70-3886-4F00-A392-0863F04AAFE3}"
EndProject
Global
	GlobalSection(SolutionConfigurationPlatforms) = preSolution
		Debug|Any CPU = Debug|Any CPU
		Release|Any CPU = Release|Any CPU
	EndGlobalSection
	GlobalSection(ProjectConfigurationPlatforms) = postSolution
		{E0C3EB70-3886-4F00-A392-0863F04AAFE3}.Debug|Any CPU.ActiveCfg = Debug|Any CPU
		{E0C3EB70-3886-4F00-A392-0863F04AAFE3}.Debug|Any CPU.Build.0 = Debug|Any CPU
		{E0C3EB70-3886-4F00-A392-0863F04AAFE3}.Release|Any CPU.ActiveCfg = Release|Any CPU
		{E0C3EB70-3886-4F00-A392-0863F04AAFE3}.Release|Any CPU.Build.0 = Release|Any CPU
	EndGlobalSection
	GlobalSection(SolutionProperties) = preSolution
		HideSolutionNode = FALSE
	EndGlobalSection
	GlobalSection(ExtensibilityGlobals) = postSolution
		SolutionGuid = {64F6F8D9-75B7-4BA3-A2BE-0DE915F82A27}
	EndGlobalSection
EndGlobal
